// !$*UTF8*$!
{
	archiveVersion = 1;
	classes = {
	};
	objectVersion = 55;
	objects = {

/* Begin PBXBuildFile section */
		C52CA5E72A9B3A7000958AFC /* LetsConnectApp.swift in Sources */ = {isa = PBXBuildFile; fileRef = C52CA5E62A9B3A7000958AFC /* LetsConnectApp.swift */; };
		C52CA5E92A9B3A7000958AFC /* ContentView.swift in Sources */ = {isa = PBXBuildFile; fileRef = C52CA5E82A9B3A7000958AFC /* ContentView.swift */; };
		C52CA5EB2A9B3A7100958AFC /* Assets.xcassets in Resources */ = {isa = PBXBuildFile; fileRef = C52CA5EA2A9B3A7100958AFC /* Assets.xcassets */; };
		C52CA5EE2A9B3A7100958AFC /* Preview Assets.xcassets in Resources */ = {isa = PBXBuildFile; fileRef = C52CA5ED2A9B3A7100958AFC /* Preview Assets.xcassets */; };
		C52CA5F82A9B3A7100958AFC /* LetsConnectTests.swift in Sources */ = {isa = PBXBuildFile; fileRef = C52CA5F72A9B3A7100958AFC /* LetsConnectTests.swift */; };
		C52CA6022A9B3A7100958AFC /* LetsConnectUITests.swift in Sources */ = {isa = PBXBuildFile; fileRef = C52CA6012A9B3A7100958AFC /* LetsConnectUITests.swift */; };
		C52CA6042A9B3A7100958AFC /* LetsConnectUITestsLaunchTests.swift in Sources */ = {isa = PBXBuildFile; fileRef = C52CA6032A9B3A7100958AFC /* LetsConnectUITestsLaunchTests.swift */; };
		C52CA6112A9B3EE200958AFC /* Message.swift in Sources */ = {isa = PBXBuildFile; fileRef = C52CA6102A9B3EE200958AFC /* Message.swift */; };
		C52CA6152A9B413700958AFC /* PostRowView.swift in Sources */ = {isa = PBXBuildFile; fileRef = C52CA6142A9B413700958AFC /* PostRowView.swift */; };
/* End PBXBuildFile section */

/* Begin PBXContainerItemProxy section */
		C52CA5F42A9B3A7100958AFC /* PBXContainerItemProxy */ = {
			isa = PBXContainerItemProxy;
			containerPortal = C52CA5DB2A9B3A7000958AFC /* Project object */;
			proxyType = 1;
			remoteGlobalIDString = C52CA5E22A9B3A7000958AFC;
			remoteInfo = LetsConnect;
		};
		C52CA5FE2A9B3A7100958AFC /* PBXContainerItemProxy */ = {
			isa = PBXContainerItemProxy;
			containerPortal = C52CA5DB2A9B3A7000958AFC /* Project object */;
			proxyType = 1;
			remoteGlobalIDString = C52CA5E22A9B3A7000958AFC;
			remoteInfo = LetsConnect;
		};
/* End PBXContainerItemProxy section */

/* Begin PBXFileReference section */
		C52CA5E32A9B3A7000958AFC /* LetsConnect.app */ = {isa = PBXFileReference; explicitFileType = wrapper.application; includeInIndex = 0; path = LetsConnect.app; sourceTree = BUILT_PRODUCTS_DIR; };
		C52CA5E62A9B3A7000958AFC /* LetsConnectApp.swift */ = {isa = PBXFileReference; lastKnownFileType = sourcecode.swift; path = LetsConnectApp.swift; sourceTree = "<group>"; };
		C52CA5E82A9B3A7000958AFC /* ContentView.swift */ = {isa = PBXFileReference; lastKnownFileType = sourcecode.swift; path = ContentView.swift; sourceTree = "<group>"; };
		C52CA5EA2A9B3A7100958AFC /* Assets.xcassets */ = {isa = PBXFileReference; lastKnownFileType = folder.assetcatalog; path = Assets.xcassets; sourceTree = "<group>"; };
		C52CA5ED2A9B3A7100958AFC /* Preview Assets.xcassets */ = {isa = PBXFileReference; lastKnownFileType = folder.assetcatalog; path = "Preview Assets.xcassets"; sourceTree = "<group>"; };
		C52CA5F32A9B3A7100958AFC /* LetsConnectTests.xctest */ = {isa = PBXFileReference; explicitFileType = wrapper.cfbundle; includeInIndex = 0; path = LetsConnectTests.xctest; sourceTree = BUILT_PRODUCTS_DIR; };
		C52CA5F72A9B3A7100958AFC /* LetsConnectTests.swift */ = {isa = PBXFileReference; lastKnownFileType = sourcecode.swift; path = LetsConnectTests.swift; sourceTree = "<group>"; };
		C52CA5FD2A9B3A7100958AFC /* LetsConnectUITests.xctest */ = {isa = PBXFileReference; explicitFileType = wrapper.cfbundle; includeInIndex = 0; path = LetsConnectUITests.xctest; sourceTree = BUILT_PRODUCTS_DIR; };
		C52CA6012A9B3A7100958AFC /* LetsConnectUITests.swift */ = {isa = PBXFileReference; lastKnownFileType = sourcecode.swift; path = LetsConnectUITests.swift; sourceTree = "<group>"; };
		C52CA6032A9B3A7100958AFC /* LetsConnectUITestsLaunchTests.swift */ = {isa = PBXFileReference; lastKnownFileType = sourcecode.swift; path = LetsConnectUITestsLaunchTests.swift; sourceTree = "<group>"; };
		C52CA6102A9B3EE200958AFC /* Message.swift */ = {isa = PBXFileReference; lastKnownFileType = sourcecode.swift; path = Message.swift; sourceTree = "<group>"; };
		C52CA6142A9B413700958AFC /* PostRowView.swift */ = {isa = PBXFileReference; lastKnownFileType = sourcecode.swift; path = PostRowView.swift; sourceTree = "<group>"; };
/* End PBXFileReference section */

/* Begin PBXFrameworksBuildPhase section */
		C52CA5E02A9B3A7000958AFC /* Frameworks */ = {
			isa = PBXFrameworksBuildPhase;
			buildActionMask = 2147483647;
			files = (
			);
			runOnlyForDeploymentPostprocessing = 0;
		};
		C52CA5F02A9B3A7100958AFC /* Frameworks */ = {
			isa = PBXFrameworksBuildPhase;
			buildActionMask = 2147483647;
			files = (
			);
			runOnlyForDeploymentPostprocessing = 0;
		};
		C52CA5FA2A9B3A7100958AFC /* Frameworks */ = {
			isa = PBXFrameworksBuildPhase;
			buildActionMask = 2147483647;
			files = (
			);
			runOnlyForDeploymentPostprocessing = 0;
		};
/* End PBXFrameworksBuildPhase section */

/* Begin PBXGroup section */
		C52CA5DA2A9B3A7000958AFC = {
			isa = PBXGroup;
			children = (
				C52CA5E52A9B3A7000958AFC /* LetsConnect */,
				C52CA5F62A9B3A7100958AFC /* LetsConnectTests */,
				C52CA6002A9B3A7100958AFC /* LetsConnectUITests */,
				C52CA5E42A9B3A7000958AFC /* Products */,
			);
			sourceTree = "<group>";
		};
		C52CA5E42A9B3A7000958AFC /* Products */ = {
			isa = PBXGroup;
			children = (
				C52CA5E32A9B3A7000958AFC /* LetsConnect.app */,
				C52CA5F32A9B3A7100958AFC /* LetsConnectTests.xctest */,
				C52CA5FD2A9B3A7100958AFC /* LetsConnectUITests.xctest */,
			);
			name = Products;
			sourceTree = "<group>";
		};
		C52CA5E52A9B3A7000958AFC /* LetsConnect */ = {
			isa = PBXGroup;
			children = (
				C52CA6132A9B40F700958AFC /* Core */,
				C52CA6122A9B40EE00958AFC /* UI */,
				C52CA5E62A9B3A7000958AFC /* LetsConnectApp.swift */,
				C52CA5E82A9B3A7000958AFC /* ContentView.swift */,
				C52CA5EA2A9B3A7100958AFC /* Assets.xcassets */,
				C52CA5EC2A9B3A7100958AFC /* Preview Content */,
			);
			path = LetsConnect;
			sourceTree = "<group>";
		};
		C52CA5EC2A9B3A7100958AFC /* Preview Content */ = {
			isa = PBXGroup;
			children = (
				C52CA5ED2A9B3A7100958AFC /* Preview Assets.xcassets */,
			);
			path = "Preview Content";
			sourceTree = "<group>";
		};
		C52CA5F62A9B3A7100958AFC /* LetsConnectTests */ = {
			isa = PBXGroup;
			children = (
				C52CA5F72A9B3A7100958AFC /* LetsConnectTests.swift */,
			);
			path = LetsConnectTests;
			sourceTree = "<group>";
		};
		C52CA6002A9B3A7100958AFC /* LetsConnectUITests */ = {
			isa = PBXGroup;
			children = (
				C52CA6012A9B3A7100958AFC /* LetsConnectUITests.swift */,
				C52CA6032A9B3A7100958AFC /* LetsConnectUITestsLaunchTests.swift */,
			);
			path = LetsConnectUITests;
			sourceTree = "<group>";
		};
		C52CA6122A9B40EE00958AFC /* UI */ = {
			isa = PBXGroup;
			children = (
				C52CA6142A9B413700958AFC /* PostRowView.swift */,
			);
			path = UI;
			sourceTree = "<group>";
		};
		C52CA6132A9B40F700958AFC /* Core */ = {
			isa = PBXGroup;
			children = (
				C52CA6102A9B3EE200958AFC /* Message.swift */,
			);
			path = Core;
			sourceTree = "<group>";
		};
/* End PBXGroup section */

/* Begin PBXNativeTarget section */
		C52CA5E22A9B3A7000958AFC /* LetsConnect */ = {
			isa = PBXNativeTarget;
			buildConfigurationList = C52CA6072A9B3A7100958AFC /* Build configuration list for PBXNativeTarget "LetsConnect" */;
			buildPhases = (
				C52CA5DF2A9B3A7000958AFC /* Sources */,
				C52CA5E02A9B3A7000958AFC /* Frameworks */,
				C52CA5E12A9B3A7000958AFC /* Resources */,
			);
			buildRules = (
			);
			dependencies = (
			);
			name = LetsConnect;
			productName = LetsConnect;
			productReference = C52CA5E32A9B3A7000958AFC /* LetsConnect.app */;
			productType = "com.apple.product-type.application";
		};
		C52CA5F22A9B3A7100958AFC /* LetsConnectTests */ = {
			isa = PBXNativeTarget;
			buildConfigurationList = C52CA60A2A9B3A7100958AFC /* Build configuration list for PBXNativeTarget "LetsConnectTests" */;
			buildPhases = (
				C52CA5EF2A9B3A7100958AFC /* Sources */,
				C52CA5F02A9B3A7100958AFC /* Frameworks */,
				C52CA5F12A9B3A7100958AFC /* Resources */,
			);
			buildRules = (
			);
			dependencies = (
				C52CA5F52A9B3A7100958AFC /* PBXTargetDependency */,
			);
			name = LetsConnectTests;
			productName = LetsConnectTests;
			productReference = C52CA5F32A9B3A7100958AFC /* LetsConnectTests.xctest */;
			productType = "com.apple.product-type.bundle.unit-test";
		};
		C52CA5FC2A9B3A7100958AFC /* LetsConnectUITests */ = {
			isa = PBXNativeTarget;
			buildConfigurationList = C52CA60D2A9B3A7100958AFC /* Build configuration list for PBXNativeTarget "LetsConnectUITests" */;
			buildPhases = (
				C52CA5F92A9B3A7100958AFC /* Sources */,
				C52CA5FA2A9B3A7100958AFC /* Frameworks */,
				C52CA5FB2A9B3A7100958AFC /* Resources */,
			);
			buildRules = (
			);
			dependencies = (
				C52CA5FF2A9B3A7100958AFC /* PBXTargetDependency */,
			);
			name = LetsConnectUITests;
			productName = LetsConnectUITests;
			productReference = C52CA5FD2A9B3A7100958AFC /* LetsConnectUITests.xctest */;
			productType = "com.apple.product-type.bundle.ui-testing";
		};
/* End PBXNativeTarget section */

/* Begin PBXProject section */
		C52CA5DB2A9B3A7000958AFC /* Project object */ = {
			isa = PBXProject;
			attributes = {
				BuildIndependentTargetsInParallel = 1;
				LastSwiftUpdateCheck = 1340;
				LastUpgradeCheck = 1340;
				TargetAttributes = {
					C52CA5E22A9B3A7000958AFC = {
						CreatedOnToolsVersion = 13.4.1;
					};
					C52CA5F22A9B3A7100958AFC = {
						CreatedOnToolsVersion = 13.4.1;
						TestTargetID = C52CA5E22A9B3A7000958AFC;
					};
					C52CA5FC2A9B3A7100958AFC = {
						CreatedOnToolsVersion = 13.4.1;
						TestTargetID = C52CA5E22A9B3A7000958AFC;
					};
				};
			};
			buildConfigurationList = C52CA5DE2A9B3A7000958AFC /* Build configuration list for PBXProject "LetsConnect" */;
			compatibilityVersion = "Xcode 13.0";
			developmentRegion = en;
			hasScannedForEncodings = 0;
			knownRegions = (
				en,
				Base,
			);
			mainGroup = C52CA5DA2A9B3A7000958AFC;
			productRefGroup = C52CA5E42A9B3A7000958AFC /* Products */;
			projectDirPath = "";
			projectRoot = "";
			targets = (
				C52CA5E22A9B3A7000958AFC /* LetsConnect */,
				C52CA5F22A9B3A7100958AFC /* LetsConnectTests */,
				C52CA5FC2A9B3A7100958AFC /* LetsConnectUITests */,
			);
		};
/* End PBXProject section */

/* Begin PBXResourcesBuildPhase section */
		C52CA5E12A9B3A7000958AFC /* Resources */ = {
			isa = PBXResourcesBuildPhase;
			buildActionMask = 2147483647;
			files = (
				C52CA5EE2A9B3A7100958AFC /* Preview Assets.xcassets in Resources */,
				C52CA5EB2A9B3A7100958AFC /* Assets.xcassets in Resources */,
			);
			runOnlyForDeploymentPostprocessing = 0;
		};
		C52CA5F12A9B3A7100958AFC /* Resources */ = {
			isa = PBXResourcesBuildPhase;
			buildActionMask = 2147483647;
			files = (
			);
			runOnlyForDeploymentPostprocessing = 0;
		};
		C52CA5FB2A9B3A7100958AFC /* Resources */ = {
			isa = PBXResourcesBuildPhase;
			buildActionMask = 2147483647;
			files = (
			);
			runOnlyForDeploymentPostprocessing = 0;
		};
/* End PBXResourcesBuildPhase section */

/* Begin PBXSourcesBuildPhase section */
		C52CA5DF2A9B3A7000958AFC /* Sources */ = {
			isa = PBXSourcesBuildPhase;
			buildActionMask = 2147483647;
			files = (
				C52CA6112A9B3EE200958AFC /* Message.swift in Sources */,
				C52CA6152A9B413700958AFC /* PostRowView.swift in Sources */,
				C52CA5E92A9B3A7000958AFC /* ContentView.swift in Sources */,
				C52CA5E72A9B3A7000958AFC /* LetsConnectApp.swift in Sources */,
			);
			runOnlyForDeploymentPostprocessing = 0;
		};
		C52CA5EF2A9B3A7100958AFC /* Sources */ = {
			isa = PBXSourcesBuildPhase;
			buildActionMask = 2147483647;
			files = (
				C52CA5F82A9B3A7100958AFC /* LetsConnectTests.swift in Sources */,
			);
			runOnlyForDeploymentPostprocessing = 0;
		};
		C52CA5F92A9B3A7100958AFC /* Sources */ = {
			isa = PBXSourcesBuildPhase;
			buildActionMask = 2147483647;
			files = (
				C52CA6022A9B3A7100958AFC /* LetsConnectUITests.swift in Sources */,
				C52CA6042A9B3A7100958AFC /* LetsConnectUITestsLaunchTests.swift in Sources */,
			);
			runOnlyForDeploymentPostprocessing = 0;
		};
/* End PBXSourcesBuildPhase section */

/* Begin PBXTargetDependency section */
		C52CA5F52A9B3A7100958AFC /* PBXTargetDependency */ = {
			isa = PBXTargetDependency;
			target = C52CA5E22A9B3A7000958AFC /* LetsConnect */;
			targetProxy = C52CA5F42A9B3A7100958AFC /* PBXContainerItemProxy */;
		};
		C52CA5FF2A9B3A7100958AFC /* PBXTargetDependency */ = {
			isa = PBXTargetDependency;
			target = C52CA5E22A9B3A7000958AFC /* LetsConnect */;
			targetProxy = C52CA5FE2A9B3A7100958AFC /* PBXContainerItemProxy */;
		};
/* End PBXTargetDependency section */

/* Begin XCBuildConfiguration section */
		C52CA6052A9B3A7100958AFC /* Debug */ = {
			isa = XCBuildConfiguration;
			buildSettings = {
				ALWAYS_SEARCH_USER_PATHS = NO;
				CLANG_ANALYZER_NONNULL = YES;
				CLANG_ANALYZER_NUMBER_OBJECT_CONVERSION = YES_AGGRESSIVE;
				CLANG_CXX_LANGUAGE_STANDARD = "gnu++17";
				CLANG_ENABLE_MODULES = YES;
				CLANG_ENABLE_OBJC_ARC = YES;
				CLANG_ENABLE_OBJC_WEAK = YES;
				CLANG_WARN_BLOCK_CAPTURE_AUTORELEASING = YES;
				CLANG_WARN_BOOL_CONVERSION = YES;
				CLANG_WARN_COMMA = YES;
				CLANG_WARN_CONSTANT_CONVERSION = YES;
				CLANG_WARN_DEPRECATED_OBJC_IMPLEMENTATIONS = YES;
				CLANG_WARN_DIRECT_OBJC_ISA_USAGE = YES_ERROR;
				CLANG_WARN_DOCUMENTATION_COMMENTS = YES;
				CLANG_WARN_EMPTY_BODY = YES;
				CLANG_WARN_ENUM_CONVERSION = YES;
				CLANG_WARN_INFINITE_RECURSION = YES;
				CLANG_WARN_INT_CONVERSION = YES;
				CLANG_WARN_NON_LITERAL_NULL_CONVERSION = YES;
				CLANG_WARN_OBJC_IMPLICIT_RETAIN_SELF = YES;
				CLANG_WARN_OBJC_LITERAL_CONVERSION = YES;
				CLANG_WARN_OBJC_ROOT_CLASS = YES_ERROR;
				CLANG_WARN_QUOTED_INCLUDE_IN_FRAMEWORK_HEADER = YES;
				CLANG_WARN_RANGE_LOOP_ANALYSIS = YES;
				CLANG_WARN_STRICT_PROTOTYPES = YES;
				CLANG_WARN_SUSPICIOUS_MOVE = YES;
				CLANG_WARN_UNGUARDED_AVAILABILITY = YES_AGGRESSIVE;
				CLANG_WARN_UNREACHABLE_CODE = YES;
				CLANG_WARN__DUPLICATE_METHOD_MATCH = YES;
				COPY_PHASE_STRIP = NO;
				DEBUG_INFORMATION_FORMAT = dwarf;
				ENABLE_STRICT_OBJC_MSGSEND = YES;
				ENABLE_TESTABILITY = YES;
				GCC_C_LANGUAGE_STANDARD = gnu11;
				GCC_DYNAMIC_NO_PIC = NO;
				GCC_NO_COMMON_BLOCKS = YES;
				GCC_OPTIMIZATION_LEVEL = 0;
				GCC_PREPROCESSOR_DEFINITIONS = (
					"DEBUG=1",
					"$(inherited)",
				);
				GCC_WARN_64_TO_32_BIT_CONVERSION = YES;
				GCC_WARN_ABOUT_RETURN_TYPE = YES_ERROR;
				GCC_WARN_UNDECLARED_SELECTOR = YES;
				GCC_WARN_UNINITIALIZED_AUTOS = YES_AGGRESSIVE;
				GCC_WARN_UNUSED_FUNCTION = YES;
				GCC_WARN_UNUSED_VARIABLE = YES;
				IPHONEOS_DEPLOYMENT_TARGET = 15.5;
				MTL_ENABLE_DEBUG_INFO = INCLUDE_SOURCE;
				MTL_FAST_MATH = YES;
				ONLY_ACTIVE_ARCH = YES;
				SDKROOT = iphoneos;
				SWIFT_ACTIVE_COMPILATION_CONDITIONS = DEBUG;
				SWIFT_OPTIMIZATION_LEVEL = "-Onone";
			};
			name = Debug;
		};
		C52CA6062A9B3A7100958AFC /* Release */ = {
			isa = XCBuildConfiguration;
			buildSettings = {
				ALWAYS_SEARCH_USER_PATHS = NO;
				CLANG_ANALYZER_NONNULL = YES;
				CLANG_ANALYZER_NUMBER_OBJECT_CONVERSION = YES_AGGRESSIVE;
				CLANG_CXX_LANGUAGE_STANDARD = "gnu++17";
				CLANG_ENABLE_MODULES = YES;
				CLANG_ENABLE_OBJC_ARC = YES;
				CLANG_ENABLE_OBJC_WEAK = YES;
				CLANG_WARN_BLOCK_CAPTURE_AUTORELEASING = YES;
				CLANG_WARN_BOOL_CONVERSION = YES;
				CLANG_WARN_COMMA = YES;
				CLANG_WARN_CONSTANT_CONVERSION = YES;
				CLANG_WARN_DEPRECATED_OBJC_IMPLEMENTATIONS = YES;
				CLANG_WARN_DIRECT_OBJC_ISA_USAGE = YES_ERROR;
				CLANG_WARN_DOCUMENTATION_COMMENTS = YES;
				CLANG_WARN_EMPTY_BODY = YES;
				CLANG_WARN_ENUM_CONVERSION = YES;
				CLANG_WARN_INFINITE_RECURSION = YES;
				CLANG_WARN_INT_CONVERSION = YES;
				CLANG_WARN_NON_LITERAL_NULL_CONVERSION = YES;
				CLANG_WARN_OBJC_IMPLICIT_RETAIN_SELF = YES;
				CLANG_WARN_OBJC_LITERAL_CONVERSION = YES;
				CLANG_WARN_OBJC_ROOT_CLASS = YES_ERROR;
				CLANG_WARN_QUOTED_INCLUDE_IN_FRAMEWORK_HEADER = YES;
				CLANG_WARN_RANGE_LOOP_ANALYSIS = YES;
				CLANG_WARN_STRICT_PROTOTYPES = YES;
				CLANG_WARN_SUSPICIOUS_MOVE = YES;
				CLANG_WARN_UNGUARDED_AVAILABILITY = YES_AGGRESSIVE;
				CLANG_WARN_UNREACHABLE_CODE = YES;
				CLANG_WARN__DUPLICATE_METHOD_MATCH = YES;
				COPY_PHASE_STRIP = NO;
				DEBUG_INFORMATION_FORMAT = "dwarf-with-dsym";
				ENABLE_NS_ASSERTIONS = NO;
				ENABLE_STRICT_OBJC_MSGSEND = YES;
				GCC_C_LANGUAGE_STANDARD = gnu11;
				GCC_NO_COMMON_BLOCKS = YES;
				GCC_WARN_64_TO_32_BIT_CONVERSION = YES;
				GCC_WARN_ABOUT_RETURN_TYPE = YES_ERROR;
				GCC_WARN_UNDECLARED_SELECTOR = YES;
				GCC_WARN_UNINITIALIZED_AUTOS = YES_AGGRESSIVE;
				GCC_WARN_UNUSED_FUNCTION = YES;
				GCC_WARN_UNUSED_VARIABLE = YES;
				IPHONEOS_DEPLOYMENT_TARGET = 15.5;
				MTL_ENABLE_DEBUG_INFO = NO;
				MTL_FAST_MATH = YES;
				SDKROOT = iphoneos;
				SWIFT_COMPILATION_MODE = wholemodule;
				SWIFT_OPTIMIZATION_LEVEL = "-O";
				VALIDATE_PRODUCT = YES;
			};
			name = Release;
		};
		C52CA6082A9B3A7100958AFC /* Debug */ = {
			isa = XCBuildConfiguration;
			buildSettings = {
				ASSETCATALOG_COMPILER_APPICON_NAME = AppIcon;
				ASSETCATALOG_COMPILER_GLOBAL_ACCENT_COLOR_NAME = AccentColor;
				CODE_SIGN_STYLE = Automatic;
				CURRENT_PROJECT_VERSION = 1;
				DEVELOPMENT_ASSET_PATHS = "\"LetsConnect/Preview Content\"";
				DEVELOPMENT_TEAM = UBHQB9F5N3;
				ENABLE_PREVIEWS = YES;
				GENERATE_INFOPLIST_FILE = YES;
				INFOPLIST_KEY_UIApplicationSceneManifest_Generation = YES;
				INFOPLIST_KEY_UIApplicationSupportsIndirectInputEvents = YES;
				INFOPLIST_KEY_UILaunchScreen_Generation = YES;
				INFOPLIST_KEY_UISupportedInterfaceOrientations_iPad = "UIInterfaceOrientationPortrait UIInterfaceOrientationPortraitUpsideDown UIInterfaceOrientationLandscapeLeft UIInterfaceOrientationLandscapeRight";
				INFOPLIST_KEY_UISupportedInterfaceOrientations_iPhone = "UIInterfaceOrientationPortrait UIInterfaceOrientationLandscapeLeft UIInterfaceOrientationLandscapeRight";
				LD_RUNPATH_SEARCH_PATHS = (
					"$(inherited)",
					"@executable_path/Frameworks",
				);
				MARKETING_VERSION = 1.0;
				PRODUCT_BUNDLE_IDENTIFIER = com.app.LetsConnect;
				PRODUCT_NAME = "$(TARGET_NAME)";
				SWIFT_EMIT_LOC_STRINGS = YES;
				SWIFT_VERSION = 5.0;
				TARGETED_DEVICE_FAMILY = "1,2";
			};
			name = Debug;
		};
		C52CA6092A9B3A7100958AFC /* Release */ = {
			isa = XCBuildConfiguration;
			buildSettings = {
				ASSETCATALOG_COMPILER_APPICON_NAME = AppIcon;
				ASSETCATALOG_COMPILER_GLOBAL_ACCENT_COLOR_NAME = AccentColor;
				CODE_SIGN_STYLE = Automatic;
				CURRENT_PROJECT_VERSION = 1;
				DEVELOPMENT_ASSET_PATHS = "\"LetsConnect/Preview Content\"";
				DEVELOPMENT_TEAM = UBHQB9F5N3;
				ENABLE_PREVIEWS = YES;
				GENERATE_INFOPLIST_FILE = YES;
				INFOPLIST_KEY_UIApplicationSceneManifest_Generation = YES;
				INFOPLIST_KEY_UIApplicationSupportsIndirectInputEvents = YES;
				INFOPLIST_KEY_UILaunchScreen_Generation = YES;
				INFOPLIST_KEY_UISupportedInterfaceOrientations_iPad = "UIInterfaceOrientationPortrait UIInterfaceOrientationPortraitUpsideDown UIInterfaceOrientationLandscapeLeft UIInterfaceOrientationLandscapeRight";
				INFOPLIST_KEY_UISupportedInterfaceOrientations_iPhone = "UIInterfaceOrientationPortrait UIInterfaceOrientationLandscapeLeft UIInterfaceOrientationLandscapeRight";
				LD_RUNPATH_SEARCH_PATHS = (
					"$(inherited)",
					"@executable_path/Frameworks",
				);
				MARKETING_VERSION = 1.0;
				PRODUCT_BUNDLE_IDENTIFIER = com.app.LetsConnect;
				PRODUCT_NAME = "$(TARGET_NAME)";
				SWIFT_EMIT_LOC_STRINGS = YES;
				SWIFT_VERSION = 5.0;
				TARGETED_DEVICE_FAMILY = "1,2";
			};
			name = Release;
		};
		C52CA60B2A9B3A7100958AFC /* Debug */ = {
			isa = XCBuildConfiguration;
			buildSettings = {
				ALWAYS_EMBED_SWIFT_STANDARD_LIBRARIES = YES;
				BUNDLE_LOADER = "$(TEST_HOST)";
				CODE_SIGN_STYLE = Automatic;
				CURRENT_PROJECT_VERSION = 1;
				DEVELOPMENT_TEAM = UBHQB9F5N3;
				GENERATE_INFOPLIST_FILE = YES;
				IPHONEOS_DEPLOYMENT_TARGET = 15.5;
				MARKETING_VERSION = 1.0;
				PRODUCT_BUNDLE_IDENTIFIER = com.app.LetsConnectTests;
				PRODUCT_NAME = "$(TARGET_NAME)";
				SWIFT_EMIT_LOC_STRINGS = NO;
				SWIFT_VERSION = 5.0;
				TARGETED_DEVICE_FAMILY = "1,2";
				TEST_HOST = "$(BUILT_PRODUCTS_DIR)/LetsConnect.app/LetsConnect";
			};
			name = Debug;
		};
		C52CA60C2A9B3A7100958AFC /* Release */ = {
			isa = XCBuildConfiguration;
			buildSettings = {
				ALWAYS_EMBED_SWIFT_STANDARD_LIBRARIES = YES;
				BUNDLE_LOADER = "$(TEST_HOST)";
				CODE_SIGN_STYLE = Automatic;
				CURRENT_PROJECT_VERSION = 1;
				DEVELOPMENT_TEAM = UBHQB9F5N3;
				GENERATE_INFOPLIST_FILE = YES;
				IPHONEOS_DEPLOYMENT_TARGET = 15.5;
				MARKETING_VERSION = 1.0;
				PRODUCT_BUNDLE_IDENTIFIER = com.app.LetsConnectTests;
				PRODUCT_NAME = "$(TARGET_NAME)";
				SWIFT_EMIT_LOC_STRINGS = NO;
				SWIFT_VERSION = 5.0;
				TARGETED_DEVICE_FAMILY = "1,2";
				TEST_HOST = "$(BUILT_PRODUCTS_DIR)/LetsConnect.app/LetsConnect";
			};
			name = Release;
		};
		C52CA60E2A9B3A7100958AFC /* Debug */ = {
			isa = XCBuildConfiguration;
			buildSettings = {
				ALWAYS_EMBED_SWIFT_STANDARD_LIBRARIES = YES;
				CODE_SIGN_STYLE = Automatic;
				CURRENT_PROJECT_VERSION = 1;
				DEVELOPMENT_TEAM = UBHQB9F5N3;
				GENERATE_INFOPLIST_FILE = YES;
				MARKETING_VERSION = 1.0;
				PRODUCT_BUNDLE_IDENTIFIER = com.app.LetsConnectUITests;
				PRODUCT_NAME = "$(TARGET_NAME)";
				SWIFT_EMIT_LOC_STRINGS = NO;
				SWIFT_VERSION = 5.0;
				TARGETED_DEVICE_FAMILY = "1,2";
				TEST_TARGET_NAME = LetsConnect;
			};
			name = Debug;
		};
		C52CA60F2A9B3A7100958AFC /* Release */ = {
			isa = XCBuildConfiguration;
			buildSettings = {
				ALWAYS_EMBED_SWIFT_STANDARD_LIBRARIES = YES;
				CODE_SIGN_STYLE = Automatic;
				CURRENT_PROJECT_VERSION = 1;
				DEVELOPMENT_TEAM = UBHQB9F5N3;
				GENERATE_INFOPLIST_FILE = YES;
				MARKETING_VERSION = 1.0;
				PRODUCT_BUNDLE_IDENTIFIER = com.app.LetsConnectUITests;
				PRODUCT_NAME = "$(TARGET_NAME)";
				SWIFT_EMIT_LOC_STRINGS = NO;
				SWIFT_VERSION = 5.0;
				TARGETED_DEVICE_FAMILY = "1,2";
				TEST_TARGET_NAME = LetsConnect;
			};
			name = Release;
		};
/* End XCBuildConfiguration section */

/* Begin XCConfigurationList section */
		C52CA5DE2A9B3A7000958AFC /* Build configuration list for PBXProject "LetsConnect" */ = {
			isa = XCConfigurationList;
			buildConfigurations = (
				C52CA6052A9B3A7100958AFC /* Debug */,
				C52CA6062A9B3A7100958AFC /* Release */,
			);
			defaultConfigurationIsVisible = 0;
			defaultConfigurationName = Release;
		};
		C52CA6072A9B3A7100958AFC /* Build configuration list for PBXNativeTarget "LetsConnect" */ = {
			isa = XCConfigurationList;
			buildConfigurations = (
				C52CA6082A9B3A7100958AFC /* Debug */,
				C52CA6092A9B3A7100958AFC /* Release */,
			);
			defaultConfigurationIsVisible = 0;
			defaultConfigurationName = Release;
		};
		C52CA60A2A9B3A7100958AFC /* Build configuration list for PBXNativeTarget "LetsConnectTests" */ = {
			isa = XCConfigurationList;
			buildConfigurations = (
				C52CA60B2A9B3A7100958AFC /* Debug */,
				C52CA60C2A9B3A7100958AFC /* Release */,
			);
			defaultConfigurationIsVisible = 0;
			defaultConfigurationName = Release;
		};
		C52CA60D2A9B3A7100958AFC /* Build configuration list for PBXNativeTarget "LetsConnectUITests" */ = {
			isa = XCConfigurationList;
			buildConfigurations = (
				C52CA60E2A9B3A7100958AFC /* Debug */,
				C52CA60F2A9B3A7100958AFC /* Release */,
			);
			defaultConfigurationIsVisible = 0;
			defaultConfigurationName = Release;
		};
/* End XCConfigurationList section */
	};
	rootObject = C52CA5DB2A9B3A7000958AFC /* Project object */;
}
